
Microsoft Visual Studio Solution File, Format Version 12.00
# Visual Studio 15
VisualStudioVersion = 15.0.27004.2006
MinimumVisualStudioVersion = 10.0.40219.1
Project("{FAE04EC0-301F-11D3-BF4B-00C04F79EFBC}") = "UserSignup", "UserSignup\UserSignup.csproj", "{C0C6011D-A979-4821-B37B-EE61606480F1}"
EndProject
Global
	GlobalSection(SolutionConfigurationPlatforms) = preSolution
		Debug|Any CPU = Debug|Any CPU
		Release|Any CPU = Release|Any CPU
	EndGlobalSection
	GlobalSection(ProjectConfigurationPlatforms) = postSolution
		{C0C6011D-A979-4821-B37B-EE61606480F1}.Debug|Any CPU.ActiveCfg = Debug|Any CPU
		{C0C6011D-A979-4821-B37B-EE61606480F1}.Debug|Any CPU.Build.0 = Debug|Any CPU
		{C0C6011D-A979-4821-B37B-EE61606480F1}.Release|Any CPU.ActiveCfg = Release|Any CPU
		{C0C6011D-A979-4821-B37B-EE61606480F1}.Release|Any CPU.Build.0 = Release|Any CPU
	EndGlobalSection
	GlobalSection(SolutionProperties) = preSolution
		HideSolutionNode = FALSE
	EndGlobalSection
	GlobalSection(ExtensibilityGlobals) = postSolution
		SolutionGuid = {9D02EC22-FF58-4E74-9509-65626F5A42B8}
	EndGlobalSection
EndGlobal
