
Microsoft Visual Studio Solution File, Format Version 12.00
# Visual Studio 15
VisualStudioVersion = 15.0.26730.16
MinimumVisualStudioVersion = 10.0.40219.1
Project("{FAE04EC0-301F-11D3-BF4B-00C04F79EFBC}") = "UserSignup2", "UserSignup2\UserSignup2.csproj", "{206F78D7-8C68-4391-BF1A-4B704670498F}"
EndProject
Global
	GlobalSection(SolutionConfigurationPlatforms) = preSolution
		Debug|Any CPU = Debug|Any CPU
		Release|Any CPU = Release|Any CPU
	EndGlobalSection
	GlobalSection(ProjectConfigurationPlatforms) = postSolution
		{206F78D7-8C68-4391-BF1A-4B704670498F}.Debug|Any CPU.ActiveCfg = Debug|Any CPU
		{206F78D7-8C68-4391-BF1A-4B704670498F}.Debug|Any CPU.Build.0 = Debug|Any CPU
		{206F78D7-8C68-4391-BF1A-4B704670498F}.Release|Any CPU.ActiveCfg = Release|Any CPU
		{206F78D7-8C68-4391-BF1A-4B704670498F}.Release|Any CPU.Build.0 = Release|Any CPU
	EndGlobalSection
	GlobalSection(SolutionProperties) = preSolution
		HideSolutionNode = FALSE
	EndGlobalSection
	GlobalSection(ExtensibilityGlobals) = postSolution
		SolutionGuid = {85263F19-D3A1-45D0-A692-925CDE48C75B}
	EndGlobalSection
EndGlobal
